
Microsoft Visual Studio Solution File, Format Version 11.00
# Visual Studio 2010
Project("{8BC9CEB8-8B4A-11D0-8D11-00A0C91BC942}") = "SpidermonkeyWrapper", "SpidermonkeyWrapper\SpidermonkeyWrapper.vcxproj", "{5F9250DA-E5F9-4A84-993C-F0A07B594C17}"
EndProject
Project("{8BC9CEB8-8B4A-11D0-8D11-00A0C91BC942}") = "WrappingTest", "WrappingTest\WrappingTest.vcxproj", "{AAE7A59E-A64D-4DC9-8FFB-34CE07E23421}"
EndProject
Global
	GlobalSection(SolutionConfigurationPlatforms) = preSolution
		Debug|Win32 = Debug|Win32
		Release|Win32 = Release|Win32
	EndGlobalSection
	GlobalSection(ProjectConfigurationPlatforms) = postSolution
		{5F9250DA-E5F9-4A84-993C-F0A07B594C17}.Debug|Win32.ActiveCfg = Debug|Win32
		{5F9250DA-E5F9-4A84-993C-F0A07B594C17}.Debug|Win32.Build.0 = Debug|Win32
		{5F9250DA-E5F9-4A84-993C-F0A07B594C17}.Release|Win32.ActiveCfg = Release|Win32
		{5F9250DA-E5F9-4A84-993C-F0A07B594C17}.Release|Win32.Build.0 = Release|Win32
		{AAE7A59E-A64D-4DC9-8FFB-34CE07E23421}.Debug|Win32.ActiveCfg = Debug|Win32
		{AAE7A59E-A64D-4DC9-8FFB-34CE07E23421}.Debug|Win32.Build.0 = Debug|Win32
		{AAE7A59E-A64D-4DC9-8FFB-34CE07E23421}.Release|Win32.ActiveCfg = Release|Win32
		{AAE7A59E-A64D-4DC9-8FFB-34CE07E23421}.Release|Win32.Build.0 = Release|Win32
	EndGlobalSection
	GlobalSection(SolutionProperties) = preSolution
		HideSolutionNode = FALSE
	EndGlobalSection
EndGlobal
