<?xml version="1.0" encoding="utf-8"?>
<Project ToolsVersion="4.0" xmlns="http://schemas.microsoft.com/developer/msbuild/2003">
  <ItemGroup>
    <Filter Include="include">
      <UniqueIdentifier>{e9cdf5a4-e371-497b-a6ff-053a18a3bff5}</UniqueIdentifier>
    </Filter>
    <Filter Include="src">
      <UniqueIdentifier>{48035c98-0205-4b98-a232-055d90b8a4d1}</UniqueIdentifier>
    </Filter>
    <Filter Include="wrap_example">
      <UniqueIdentifier>{87e546a2-feaf-4109-baaa-7a137e77b051}</UniqueIdentifier>
    </Filter>
    <Filter Include="wrap_example\include">
      <UniqueIdentifier>{70541deb-dadf-44d4-aaea-bada6107bb9e}</UniqueIdentifier>
    </Filter>
    <Filter Include="wrap_example\src">
      <UniqueIdentifier>{daf96d8d-b48e-4906-af0a-bcd4c5988fea}</UniqueIdentifier>
    </Filter>
  </ItemGroup>
  <ItemGroup>
    <ClInclude Include="wrap_example\include\Functions_BasicTypes_wrap.hpp">
      <Filter>wrap_example\include</Filter>
    </ClInclude>
    <ClInclude Include="wrap_example\include\Functions_Strings_wrap.hpp">
      <Filter>wrap_example\include</Filter>
    </ClInclude>
    <ClInclude Include="wrap_example\include\SimpleClass_wrap.hpp">
      <Filter>wrap_example\include</Filter>
    </ClInclude>
    <ClInclude Include="include\Functions_BasicTypes.hpp">
      <Filter>include</Filter>
    </ClInclude>
    <ClInclude Include="include\Functions_Strings.hpp">
      <Filter>include</Filter>
    </ClInclude>
    <ClInclude Include="include\GlobalFunctions.hpp">
      <Filter>include</Filter>
    </ClInclude>
    <ClInclude Include="include\SimpleClass.hpp">
      <Filter>include</Filter>
    </ClInclude>
    <ClInclude Include="include\test.hpp">
      <Filter>include</Filter>
    </ClInclude>
    <ClInclude Include="include\UsingSimpleClass.hpp">
      <Filter>include</Filter>
    </ClInclude>
    <ClInclude Include="wrap_example\include\UsingSimpleClass_wrap.hpp">
      <Filter>wrap_example\include</Filter>
    </ClInclude>
    <ClInclude Include="wrap_autogen\include\ProjectName.hpp" />
    <ClInclude Include="wrap_autogen\include\ProjectName\SimpleClass.hpp" />
    <ClInclude Include="wrap_autogen\include\ProjectName\UsingSimpleClass.hpp" />
  </ItemGroup>
  <ItemGroup>
    <ClCompile Include="wrap_example\src\Functions_BasicTypes_wrap.cpp">
      <Filter>wrap_example\src</Filter>
    </ClCompile>
    <ClCompile Include="wrap_example\src\Functions_Strings_wrap.cpp">
      <Filter>wrap_example\src</Filter>
    </ClCompile>
    <ClCompile Include="wrap_example\src\SimpleClass_wrap.cpp">
      <Filter>wrap_example\src</Filter>
    </ClCompile>
    <ClCompile Include="src\GlobalFunctions.cpp">
      <Filter>src</Filter>
    </ClCompile>
    <ClCompile Include="src\main.cpp">
      <Filter>src</Filter>
    </ClCompile>
    <ClCompile Include="src\SimpleClass.cpp">
      <Filter>src</Filter>
    </ClCompile>
    <ClCompile Include="src\test.cpp">
      <Filter>src</Filter>
    </ClCompile>
    <ClCompile Include="src\UsingSimpleClass.cpp">
      <Filter>src</Filter>
    </ClCompile>
    <ClCompile Include="wrap_example\src\UsingSimpleClass_wrap.cpp">
      <Filter>wrap_example\src</Filter>
    </ClCompile>
    <ClCompile Include="wrap_autogen\src\ProjectName.cpp" />
    <ClCompile Include="wrap_autogen\src\ProjectName\SimpleClass.cpp" />
    <ClCompile Include="wrap_autogen\src\ProjectName\UsingSimpleClass.cpp" />
  </ItemGroup>
</Project>