<?xml version="1.0" encoding="utf-8"?>
<Project ToolsVersion="4.0" xmlns="http://schemas.microsoft.com/developer/msbuild/2003">
  <ItemGroup>
    <Filter Include="include">
      <UniqueIdentifier>{e9cdf5a4-e371-497b-a6ff-053a18a3bff5}</UniqueIdentifier>
    </Filter>
    <Filter Include="src">
      <UniqueIdentifier>{48035c98-0205-4b98-a232-055d90b8a4d1}</UniqueIdentifier>
    </Filter>
    <Filter Include="wrap_example">
      <UniqueIdentifier>{87e546a2-feaf-4109-baaa-7a137e77b051}</UniqueIdentifier>
    </Filter>
    <Filter Include="wrap_example\include">
      <UniqueIdentifier>{70541deb-dadf-44d4-aaea-bada6107bb9e}</UniqueIdentifier>
    </Filter>
    <Filter Include="wrap_example\src">
      <UniqueIdentifier>{daf96d8d-b48e-4906-af0a-bcd4c5988fea}</UniqueIdentifier>
    </Filter>
    <Filter Include="wrap_autogen">
      <UniqueIdentifier>{0cbc0876-cf8a-42f7-b3b7-dd0f306b69c1}</UniqueIdentifier>
    </Filter>
  </ItemGroup>
  <ItemGroup>
    <ClInclude Include="include\GlobalFunctions.hpp">
      <Filter>include</Filter>
    </ClInclude>
    <ClInclude Include="include\test.hpp">
      <Filter>include</Filter>
    </ClInclude>
    <ClInclude Include="include\Mix.hpp">
      <Filter>include</Filter>
    </ClInclude>
    <ClInclude Include="wrap_autogen\include\projectname\classes\sampleclass.hpp">
      <Filter>wrap_autogen</Filter>
    </ClInclude>
    <ClInclude Include="wrap_autogen\include\projectname\classes.hpp">
      <Filter>wrap_autogen</Filter>
    </ClInclude>
    <ClInclude Include="wrap_autogen\include\ProjectName.hpp">
      <Filter>wrap_autogen</Filter>
    </ClInclude>
    <ClInclude Include="include\GlobalFunctionsWrap.hpp">
      <Filter>include</Filter>
    </ClInclude>
    <ClInclude Include="wrap_autogen\include\ProjectName\Builtin.hpp" />
    <ClInclude Include="wrap_autogen\include\ProjectName\Strings.hpp" />
  </ItemGroup>
  <ItemGroup>
    <ClCompile Include="src\GlobalFunctions.cpp">
      <Filter>src</Filter>
    </ClCompile>
    <ClCompile Include="src\main.cpp">
      <Filter>src</Filter>
    </ClCompile>
    <ClCompile Include="src\SimpleClass.cpp">
      <Filter>src</Filter>
    </ClCompile>
    <ClCompile Include="src\test.cpp">
      <Filter>src</Filter>
    </ClCompile>
    <ClCompile Include="src\UsingSimpleClass.cpp">
      <Filter>src</Filter>
    </ClCompile>
    <ClCompile Include="src\Mix.cpp">
      <Filter>src</Filter>
    </ClCompile>
    <ClCompile Include="wrap_autogen\src\ProjectName\Classes.cpp">
      <Filter>wrap_autogen</Filter>
    </ClCompile>
    <ClCompile Include="wrap_autogen\src\ProjectName.cpp">
      <Filter>wrap_autogen</Filter>
    </ClCompile>
    <ClCompile Include="wrap_autogen\src\ProjectName\Classes\SampleClass.cpp">
      <Filter>wrap_autogen</Filter>
    </ClCompile>
    <ClCompile Include="src\GlobalFunctionsWrap.cpp">
      <Filter>src</Filter>
    </ClCompile>
    <ClCompile Include="wrap_autogen\src\ProjectName\Builtin.cpp" />
    <ClCompile Include="wrap_autogen\src\ProjectName\Strings.cpp" />
    <ClCompile Include="wrap_autogen\src\ProjectName\Inheritance.cpp" />
    <ClCompile Include="wrap_autogen\src\ProjectName\UsingAndOwnership.cpp" />
    <ClCompile Include="wrap_autogen\src\ProjectName\Inheritance\BaseClass.cpp" />
    <ClCompile Include="wrap_autogen\src\ProjectName\Inheritance\SubClass.cpp" />
    <ClCompile Include="wrap_autogen\src\ProjectName\UsingAndOwnership\ClassNativeOwned.cpp" />
    <ClCompile Include="wrap_autogen\src\ProjectName\UsingAndOwnership\ClassScriptOwned.cpp" />
  </ItemGroup>
</Project>